# THIS IS AN AUTOGENERATED FILE. DO NOT EDIT THIS FILE DIRECTLY.
# yarn lockfile v1


lodash.isarray@^4.0.0:
  version "4.0.0"
  resolved "https://registry.yarnpkg.com/lodash.isarray/-/lodash.isarray-4.0.0.tgz#2aca496b28c4ca6d726715313590c02e6ea34403"

lodash.isfunction@^3.0.9:
  version "3.0.9"
  resolved "https://registry.yarnpkg.com/lodash.isfunction/-/lodash.isfunction-3.0.9.tgz#06de25df4db327ac931981d1bdb067e5af68d051"

lodash.mergewith@^4.6.1:
  version "4.6.1"
  resolved "https://registry.yarnpkg.com/lodash.mergewith/-/lodash.mergewith-4.6.1.tgz#639057e726c3afbdb3e7d42741caa8d6e4335927"
